
Microsoft Visual Studio Solution File, Format Version 12.00
# Visual Studio Version 17
VisualStudioVersion = 17.7.34031.279
MinimumVisualStudioVersion = 10.0.40219.1
Project("{FAE04EC0-301F-11D3-BF4B-00C04F79EFBC}") = "ClientServiceVolApp", "ClientServiceVolApp.csproj", "{A09386BB-F156-4783-A8EC-6956AA9C025E}"
EndProject
Global
	GlobalSection(SolutionConfigurationPlatforms) = preSolution
		Debug|Any CPU = Debug|Any CPU
		Release|Any CPU = Release|Any CPU
	EndGlobalSection
	GlobalSection(ProjectConfigurationPlatforms) = postSolution
		{A09386BB-F156-4783-A8EC-6956AA9C025E}.Debug|Any CPU.ActiveCfg = Debug|Any CPU
		{A09386BB-F156-4783-A8EC-6956AA9C025E}.Debug|Any CPU.Build.0 = Debug|Any CPU
		{A09386BB-F156-4783-A8EC-6956AA9C025E}.Release|Any CPU.ActiveCfg = Release|Any CPU
		{A09386BB-F156-4783-A8EC-6956AA9C025E}.Release|Any CPU.Build.0 = Release|Any CPU
	EndGlobalSection
	GlobalSection(SolutionProperties) = preSolution
		HideSolutionNode = FALSE
	EndGlobalSection
	GlobalSection(ExtensibilityGlobals) = postSolution
		SolutionGuid = {CF8A33CF-3789-4A1F-9B49-B0AB708FC8BB}
	EndGlobalSection
EndGlobal
